
Microsoft Visual Studio Solution File, Format Version 12.00
# Visual Studio Version 17
VisualStudioVersion = 17.4.33213.308
MinimumVisualStudioVersion = 10.0.40219.1
Project("{9A19103F-16F7-4668-BE54-9A1E7A4F7556}") = "TP_CSHARP", "TP_CSHARP.csproj", "{17BE85E8-94F1-41F2-924D-481EF30C5346}"
EndProject
Global
	GlobalSection(SolutionConfigurationPlatforms) = preSolution
		Debug|Any CPU = Debug|Any CPU
		Release|Any CPU = Release|Any CPU
	EndGlobalSection
	GlobalSection(ProjectConfigurationPlatforms) = postSolution
		{17BE85E8-94F1-41F2-924D-481EF30C5346}.Debug|Any CPU.ActiveCfg = Debug|Any CPU
		{17BE85E8-94F1-41F2-924D-481EF30C5346}.Debug|Any CPU.Build.0 = Debug|Any CPU
		{17BE85E8-94F1-41F2-924D-481EF30C5346}.Release|Any CPU.ActiveCfg = Release|Any CPU
		{17BE85E8-94F1-41F2-924D-481EF30C5346}.Release|Any CPU.Build.0 = Release|Any CPU
	EndGlobalSection
	GlobalSection(SolutionProperties) = preSolution
		HideSolutionNode = FALSE
	EndGlobalSection
	GlobalSection(ExtensibilityGlobals) = postSolution
		SolutionGuid = {E8E18212-EE71-4546-8692-4FE491AA8CDD}
	EndGlobalSection
EndGlobal
